
Microsoft Visual Studio Solution File, Format Version 12.00
# Visual Studio Version 17
VisualStudioVersion = 17.10.34707.107
MinimumVisualStudioVersion = 10.0.40219.1
Project("{FAE04EC0-301F-11D3-BF4B-00C04F79EFBC}") = "Multicontainerwithposgres", "Multicontainerwithposgres\Multicontainerwithposgres.csproj", "{E2A7739D-21C4-4BF9-8613-54226E551990}"
EndProject
Project("{E53339B2-1760-4266-BCC7-CA923CBCF16C}") = "docker-compose", "docker-compose.dcproj", "{2CF01317-9B7B-4935-B5DA-3892FB635112}"
EndProject
Global
	GlobalSection(SolutionConfigurationPlatforms) = preSolution
		Debug|Any CPU = Debug|Any CPU
		Release|Any CPU = Release|Any CPU
	EndGlobalSection
	GlobalSection(ProjectConfigurationPlatforms) = postSolution
		{E2A7739D-21C4-4BF9-8613-54226E551990}.Debug|Any CPU.ActiveCfg = Debug|Any CPU
		{E2A7739D-21C4-4BF9-8613-54226E551990}.Debug|Any CPU.Build.0 = Debug|Any CPU
		{E2A7739D-21C4-4BF9-8613-54226E551990}.Release|Any CPU.ActiveCfg = Release|Any CPU
		{E2A7739D-21C4-4BF9-8613-54226E551990}.Release|Any CPU.Build.0 = Release|Any CPU
		{2CF01317-9B7B-4935-B5DA-3892FB635112}.Debug|Any CPU.ActiveCfg = Debug|Any CPU
		{2CF01317-9B7B-4935-B5DA-3892FB635112}.Debug|Any CPU.Build.0 = Debug|Any CPU
		{2CF01317-9B7B-4935-B5DA-3892FB635112}.Release|Any CPU.ActiveCfg = Release|Any CPU
		{2CF01317-9B7B-4935-B5DA-3892FB635112}.Release|Any CPU.Build.0 = Release|Any CPU
	EndGlobalSection
	GlobalSection(SolutionProperties) = preSolution
		HideSolutionNode = FALSE
	EndGlobalSection
	GlobalSection(ExtensibilityGlobals) = postSolution
		SolutionGuid = {56DC5DA1-CEB9-4F7D-A96F-3F3AEA80CD6C}
	EndGlobalSection
EndGlobal
